
Microsoft Visual Studio Solution File, Format Version 12.00
# Visual Studio Version 16
VisualStudioVersion = 16.0.28803.156
MinimumVisualStudioVersion = 10.0.40219.1
Project("{888888A0-9F3D-457C-B088-3A5042F75D52}") = "Criptografia", "PythonApplication2\Criptografia.pyproj", "{9AF9091A-5E41-49C3-A65B-952A6C1F824A}"
EndProject
Global
	GlobalSection(SolutionConfigurationPlatforms) = preSolution
		Debug|Any CPU = Debug|Any CPU
		Release|Any CPU = Release|Any CPU
	EndGlobalSection
	GlobalSection(ProjectConfigurationPlatforms) = postSolution
		{9AF9091A-5E41-49C3-A65B-952A6C1F824A}.Debug|Any CPU.ActiveCfg = Debug|Any CPU
		{9AF9091A-5E41-49C3-A65B-952A6C1F824A}.Release|Any CPU.ActiveCfg = Release|Any CPU
	EndGlobalSection
	GlobalSection(SolutionProperties) = preSolution
		HideSolutionNode = FALSE
	EndGlobalSection
	GlobalSection(ExtensibilityGlobals) = postSolution
		SolutionGuid = {CB0BEA05-3C6A-406C-B031-7AF29C086ABD}
	EndGlobalSection
EndGlobal
